
Microsoft Visual Studio Solution File, Format Version 12.00
# Visual Studio Version 16
VisualStudioVersion = 16.0.30204.135
MinimumVisualStudioVersion = 10.0.40219.1
Project("{FAE04EC0-301F-11D3-BF4B-00C04F79EFBC}") = "Contact Manager", "Contact Manager\Contact Manager.csproj", "{1A667A6B-48CC-442B-A46F-ACE67C80A05A}"
EndProject
Global
	GlobalSection(SolutionConfigurationPlatforms) = preSolution
		Debug|Any CPU = Debug|Any CPU
		Release|Any CPU = Release|Any CPU
	EndGlobalSection
	GlobalSection(ProjectConfigurationPlatforms) = postSolution
		{1A667A6B-48CC-442B-A46F-ACE67C80A05A}.Debug|Any CPU.ActiveCfg = Debug|Any CPU
		{1A667A6B-48CC-442B-A46F-ACE67C80A05A}.Debug|Any CPU.Build.0 = Debug|Any CPU
		{1A667A6B-48CC-442B-A46F-ACE67C80A05A}.Release|Any CPU.ActiveCfg = Release|Any CPU
		{1A667A6B-48CC-442B-A46F-ACE67C80A05A}.Release|Any CPU.Build.0 = Release|Any CPU
	EndGlobalSection
	GlobalSection(SolutionProperties) = preSolution
		HideSolutionNode = FALSE
	EndGlobalSection
	GlobalSection(ExtensibilityGlobals) = postSolution
		SolutionGuid = {0367297E-DC9A-4CB5-919E-BCF4DA71E2BD}
	EndGlobalSection
EndGlobal
